{
  "requires": true,
  "lockfileVersion": 1,
  "dependencies": {
    "bobmwangih-frame-print": {
      "version": "1.0.0",
      "resolved": "https://registry.npmjs.org/bobmwangih-frame-print/-/bobmwangih-frame-print-1.0.0.tgz",
      "integrity": "sha512-MW27B7wFEXuieK1d4vW/Fx4hbidiUz9JdFZC/aSEaXGIA9t9ESYw8vRJPyi47PzTZApu2QWPoJYAB9jNjes0Yw=="
    }
  }
}
